
Microsoft Visual Studio Solution File, Format Version 12.00
# Visual Studio Version 17
VisualStudioVersion = 17.1.32421.90
MinimumVisualStudioVersion = 10.0.40219.1
Project("{FAE04EC0-301F-11D3-BF4B-00C04F79EFBC}") = "OOP_GameSalesBackend", "OOP_GameSalesBackend\OOP_GameSalesBackend.csproj", "{3B89D94D-DB39-4A60-ABF9-0721DB5D3008}"
EndProject
Global
	GlobalSection(SolutionConfigurationPlatforms) = preSolution
		Debug|Any CPU = Debug|Any CPU
		Release|Any CPU = Release|Any CPU
	EndGlobalSection
	GlobalSection(ProjectConfigurationPlatforms) = postSolution
		{3B89D94D-DB39-4A60-ABF9-0721DB5D3008}.Debug|Any CPU.ActiveCfg = Debug|Any CPU
		{3B89D94D-DB39-4A60-ABF9-0721DB5D3008}.Debug|Any CPU.Build.0 = Debug|Any CPU
		{3B89D94D-DB39-4A60-ABF9-0721DB5D3008}.Release|Any CPU.ActiveCfg = Release|Any CPU
		{3B89D94D-DB39-4A60-ABF9-0721DB5D3008}.Release|Any CPU.Build.0 = Release|Any CPU
	EndGlobalSection
	GlobalSection(SolutionProperties) = preSolution
		HideSolutionNode = FALSE
	EndGlobalSection
	GlobalSection(ExtensibilityGlobals) = postSolution
		SolutionGuid = {666E907B-9924-493B-95D7-30F86EAE8EF3}
	EndGlobalSection
EndGlobal
